{
    "version": 3,
    "terraform_version": "0.11.8",
    "serial": 3,
    "lineage": "f34c8515-8201-9433-6d66-422a8d9e12cd",
    "modules": [
        {
            "path": [
                "root"
            ],
            "outputs": {},
            "resources": {
                "aws_s3_bucket.chariot_terraform_examples_terraform": {
                    "type": "aws_s3_bucket",
                    "depends_on": [],
                    "primary": {
                        "id": "chariot-tf-examples-dev-tf",
                        "attributes": {
                            "acceleration_status": "",
                            "acl": "private",
                            "arn": "arn:aws:s3:::chariot-tf-examples-dev-tf",
                            "bucket": "chariot-tf-examples-dev-tf",
                            "bucket_domain_name": "chariot-tf-examples-dev-tf.s3.amazonaws.com",
                            "bucket_regional_domain_name": "chariot-tf-examples-dev-tf.s3.amazonaws.com",
                            "cors_rule.#": "0",
                            "force_destroy": "false",
                            "hosted_zone_id": "Z3AQBSTGFYJSTF",
                            "id": "chariot-tf-examples-dev-tf",
                            "logging.#": "0",
                            "region": "us-east-1",
                            "replication_configuration.#": "0",
                            "request_payer": "BucketOwner",
                            "server_side_encryption_configuration.#": "0",
                            "tags.%": "2",
                            "tags.Environment": "dev",
                            "tags.Name": "tf-examples-s3-bucket-tfstate-dev",
                            "versioning.#": "1",
                            "versioning.0.enabled": "false",
                            "versioning.0.mfa_delete": "false",
                            "website.#": "0"
                        },
                        "meta": {},
                        "tainted": false
                    },
                    "deposed": [],
                    "provider": "provider.aws"
                }
            },
            "depends_on": []
        }
    ]
}
